
Microsoft Visual Studio Solution File, Format Version 12.00
# Visual Studio Version 16
VisualStudioVersion = 16.0.31515.178
MinimumVisualStudioVersion = 10.0.40219.1
Project("{FAE04EC0-301F-11D3-BF4B-00C04F79EFBC}") = "Zahlenratespiel_Martic", "Zahlenratespiel_Martic\Zahlenratespiel_Martic.csproj", "{12AA855C-36EC-44C1-AD77-9D2C8BF92BAE}"
EndProject
Global
	GlobalSection(SolutionConfigurationPlatforms) = preSolution
		Debug|Any CPU = Debug|Any CPU
		Release|Any CPU = Release|Any CPU
	EndGlobalSection
	GlobalSection(ProjectConfigurationPlatforms) = postSolution
		{12AA855C-36EC-44C1-AD77-9D2C8BF92BAE}.Debug|Any CPU.ActiveCfg = Debug|Any CPU
		{12AA855C-36EC-44C1-AD77-9D2C8BF92BAE}.Debug|Any CPU.Build.0 = Debug|Any CPU
		{12AA855C-36EC-44C1-AD77-9D2C8BF92BAE}.Release|Any CPU.ActiveCfg = Release|Any CPU
		{12AA855C-36EC-44C1-AD77-9D2C8BF92BAE}.Release|Any CPU.Build.0 = Release|Any CPU
	EndGlobalSection
	GlobalSection(SolutionProperties) = preSolution
		HideSolutionNode = FALSE
	EndGlobalSection
	GlobalSection(ExtensibilityGlobals) = postSolution
		SolutionGuid = {8760F06F-9293-4658-BF80-CC8134C14EF8}
	EndGlobalSection
EndGlobal
